
Microsoft Visual Studio Solution File, Format Version 12.00
# Visual Studio Version 17
VisualStudioVersion = 17.4.33213.308
MinimumVisualStudioVersion = 10.0.40219.1
Project("{9A19103F-16F7-4668-BE54-9A1E7A4F7556}") = "pro9", "pro9\pro9.csproj", "{92C6FB08-FEE2-455A-AAF8-58B378AC0303}"
EndProject
Project("{9A19103F-16F7-4668-BE54-9A1E7A4F7556}") = "merge", "merge\merge.csproj", "{BB905278-6031-4787-9579-E0EB8195CC0D}"
EndProject
Project("{9A19103F-16F7-4668-BE54-9A1E7A4F7556}") = "increase", "increase\increase.csproj", "{56286849-3754-44E2-846E-B488A2A40D6E}"
EndProject
Project("{9A19103F-16F7-4668-BE54-9A1E7A4F7556}") = "wheight", "wheight\wheight.csproj", "{C9C0CEF7-F1CA-4B41-B54F-ED66560E8579}"
EndProject
Project("{9A19103F-16F7-4668-BE54-9A1E7A4F7556}") = "qs1", "qs1\qs1.csproj", "{A2C1A181-F73F-4239-9025-261C4059554B}"
EndProject
Project("{FAE04EC0-301F-11D3-BF4B-00C04F79EFBC}") = "q4", "q2\q4.csproj", "{7FFF03F4-8647-4EB3-AC8D-E7C5F40E7E2C}"
EndProject
Project("{9A19103F-16F7-4668-BE54-9A1E7A4F7556}") = "q5", "q5\q5.csproj", "{79C8B67B-ABE2-442F-B316-F84F9811DA92}"
EndProject
Project("{9A19103F-16F7-4668-BE54-9A1E7A4F7556}") = "qs2", "qs2\qs2.csproj", "{AA0F28A4-DBA5-45CC-AF23-BDBE611FF2A2}"
EndProject
Project("{9A19103F-16F7-4668-BE54-9A1E7A4F7556}") = "q3", "q3\q3.csproj", "{3AEEA610-6F09-4CE6-AF6B-31FBCE794910}"
EndProject
Project("{9A19103F-16F7-4668-BE54-9A1E7A4F7556}") = "q6", "q6\q6.csproj", "{89900F88-3AC4-4CF8-81A6-256A5D1E60EE}"
EndProject
Project("{9A19103F-16F7-4668-BE54-9A1E7A4F7556}") = "q7", "q7\q7.csproj", "{92BA45C0-E1ED-4789-A5B5-FCEC4BE2A80A}"
EndProject
Project("{9A19103F-16F7-4668-BE54-9A1E7A4F7556}") = "q8", "q8\q8.csproj", "{72B8E521-0652-4D23-A1F3-215B024FB92D}"
EndProject
Project("{9A19103F-16F7-4668-BE54-9A1E7A4F7556}") = "q16", "q16\q16.csproj", "{3FF6A120-F5E2-47BB-8B94-898BB5E0C411}"
EndProject
Project("{9A19103F-16F7-4668-BE54-9A1E7A4F7556}") = "q11", "q11\q11.csproj", "{5354CBE7-256C-418C-898C-C5D47AEACFD0}"
EndProject
Project("{9A19103F-16F7-4668-BE54-9A1E7A4F7556}") = "qs10", "qs10\qs10.csproj", "{C5851FD0-35C6-4513-A0D6-E6CDCEF09834}"
EndProject
Project("{FAE04EC0-301F-11D3-BF4B-00C04F79EFBC}") = "q14", "q14\q14.csproj", "{A506CCA8-56E8-4D3F-9873-C9BBF6DDCB10}"
EndProject
Global
	GlobalSection(SolutionConfigurationPlatforms) = preSolution
		Debug|Any CPU = Debug|Any CPU
		Release|Any CPU = Release|Any CPU
	EndGlobalSection
	GlobalSection(ProjectConfigurationPlatforms) = postSolution
		{92C6FB08-FEE2-455A-AAF8-58B378AC0303}.Debug|Any CPU.ActiveCfg = Debug|Any CPU
		{92C6FB08-FEE2-455A-AAF8-58B378AC0303}.Debug|Any CPU.Build.0 = Debug|Any CPU
		{92C6FB08-FEE2-455A-AAF8-58B378AC0303}.Release|Any CPU.ActiveCfg = Release|Any CPU
		{92C6FB08-FEE2-455A-AAF8-58B378AC0303}.Release|Any CPU.Build.0 = Release|Any CPU
		{BB905278-6031-4787-9579-E0EB8195CC0D}.Debug|Any CPU.ActiveCfg = Debug|Any CPU
		{BB905278-6031-4787-9579-E0EB8195CC0D}.Debug|Any CPU.Build.0 = Debug|Any CPU
		{BB905278-6031-4787-9579-E0EB8195CC0D}.Release|Any CPU.ActiveCfg = Release|Any CPU
		{BB905278-6031-4787-9579-E0EB8195CC0D}.Release|Any CPU.Build.0 = Release|Any CPU
		{56286849-3754-44E2-846E-B488A2A40D6E}.Debug|Any CPU.ActiveCfg = Debug|Any CPU
		{56286849-3754-44E2-846E-B488A2A40D6E}.Debug|Any CPU.Build.0 = Debug|Any CPU
		{56286849-3754-44E2-846E-B488A2A40D6E}.Release|Any CPU.ActiveCfg = Release|Any CPU
		{56286849-3754-44E2-846E-B488A2A40D6E}.Release|Any CPU.Build.0 = Release|Any CPU
		{C9C0CEF7-F1CA-4B41-B54F-ED66560E8579}.Debug|Any CPU.ActiveCfg = Debug|Any CPU
		{C9C0CEF7-F1CA-4B41-B54F-ED66560E8579}.Debug|Any CPU.Build.0 = Debug|Any CPU
		{C9C0CEF7-F1CA-4B41-B54F-ED66560E8579}.Release|Any CPU.ActiveCfg = Release|Any CPU
		{C9C0CEF7-F1CA-4B41-B54F-ED66560E8579}.Release|Any CPU.Build.0 = Release|Any CPU
		{A2C1A181-F73F-4239-9025-261C4059554B}.Debug|Any CPU.ActiveCfg = Debug|Any CPU
		{A2C1A181-F73F-4239-9025-261C4059554B}.Debug|Any CPU.Build.0 = Debug|Any CPU
		{A2C1A181-F73F-4239-9025-261C4059554B}.Release|Any CPU.ActiveCfg = Release|Any CPU
		{A2C1A181-F73F-4239-9025-261C4059554B}.Release|Any CPU.Build.0 = Release|Any CPU
		{7FFF03F4-8647-4EB3-AC8D-E7C5F40E7E2C}.Debug|Any CPU.ActiveCfg = Debug|Any CPU
		{7FFF03F4-8647-4EB3-AC8D-E7C5F40E7E2C}.Debug|Any CPU.Build.0 = Debug|Any CPU
		{7FFF03F4-8647-4EB3-AC8D-E7C5F40E7E2C}.Release|Any CPU.ActiveCfg = Release|Any CPU
		{7FFF03F4-8647-4EB3-AC8D-E7C5F40E7E2C}.Release|Any CPU.Build.0 = Release|Any CPU
		{79C8B67B-ABE2-442F-B316-F84F9811DA92}.Debug|Any CPU.ActiveCfg = Debug|Any CPU
		{79C8B67B-ABE2-442F-B316-F84F9811DA92}.Debug|Any CPU.Build.0 = Debug|Any CPU
		{79C8B67B-ABE2-442F-B316-F84F9811DA92}.Release|Any CPU.ActiveCfg = Release|Any CPU
		{79C8B67B-ABE2-442F-B316-F84F9811DA92}.Release|Any CPU.Build.0 = Release|Any CPU
		{AA0F28A4-DBA5-45CC-AF23-BDBE611FF2A2}.Debug|Any CPU.ActiveCfg = Debug|Any CPU
		{AA0F28A4-DBA5-45CC-AF23-BDBE611FF2A2}.Debug|Any CPU.Build.0 = Debug|Any CPU
		{AA0F28A4-DBA5-45CC-AF23-BDBE611FF2A2}.Release|Any CPU.ActiveCfg = Release|Any CPU
		{AA0F28A4-DBA5-45CC-AF23-BDBE611FF2A2}.Release|Any CPU.Build.0 = Release|Any CPU
		{3AEEA610-6F09-4CE6-AF6B-31FBCE794910}.Debug|Any CPU.ActiveCfg = Debug|Any CPU
		{3AEEA610-6F09-4CE6-AF6B-31FBCE794910}.Debug|Any CPU.Build.0 = Debug|Any CPU
		{3AEEA610-6F09-4CE6-AF6B-31FBCE794910}.Release|Any CPU.ActiveCfg = Release|Any CPU
		{3AEEA610-6F09-4CE6-AF6B-31FBCE794910}.Release|Any CPU.Build.0 = Release|Any CPU
		{89900F88-3AC4-4CF8-81A6-256A5D1E60EE}.Debug|Any CPU.ActiveCfg = Debug|Any CPU
		{89900F88-3AC4-4CF8-81A6-256A5D1E60EE}.Debug|Any CPU.Build.0 = Debug|Any CPU
		{89900F88-3AC4-4CF8-81A6-256A5D1E60EE}.Release|Any CPU.ActiveCfg = Release|Any CPU
		{89900F88-3AC4-4CF8-81A6-256A5D1E60EE}.Release|Any CPU.Build.0 = Release|Any CPU
		{92BA45C0-E1ED-4789-A5B5-FCEC4BE2A80A}.Debug|Any CPU.ActiveCfg = Debug|Any CPU
		{92BA45C0-E1ED-4789-A5B5-FCEC4BE2A80A}.Debug|Any CPU.Build.0 = Debug|Any CPU
		{92BA45C0-E1ED-4789-A5B5-FCEC4BE2A80A}.Release|Any CPU.ActiveCfg = Release|Any CPU
		{92BA45C0-E1ED-4789-A5B5-FCEC4BE2A80A}.Release|Any CPU.Build.0 = Release|Any CPU
		{72B8E521-0652-4D23-A1F3-215B024FB92D}.Debug|Any CPU.ActiveCfg = Debug|Any CPU
		{72B8E521-0652-4D23-A1F3-215B024FB92D}.Debug|Any CPU.Build.0 = Debug|Any CPU
		{72B8E521-0652-4D23-A1F3-215B024FB92D}.Release|Any CPU.ActiveCfg = Release|Any CPU
		{72B8E521-0652-4D23-A1F3-215B024FB92D}.Release|Any CPU.Build.0 = Release|Any CPU
		{3FF6A120-F5E2-47BB-8B94-898BB5E0C411}.Debug|Any CPU.ActiveCfg = Debug|Any CPU
		{3FF6A120-F5E2-47BB-8B94-898BB5E0C411}.Debug|Any CPU.Build.0 = Debug|Any CPU
		{3FF6A120-F5E2-47BB-8B94-898BB5E0C411}.Release|Any CPU.ActiveCfg = Release|Any CPU
		{3FF6A120-F5E2-47BB-8B94-898BB5E0C411}.Release|Any CPU.Build.0 = Release|Any CPU
		{5354CBE7-256C-418C-898C-C5D47AEACFD0}.Debug|Any CPU.ActiveCfg = Debug|Any CPU
		{5354CBE7-256C-418C-898C-C5D47AEACFD0}.Debug|Any CPU.Build.0 = Debug|Any CPU
		{5354CBE7-256C-418C-898C-C5D47AEACFD0}.Release|Any CPU.ActiveCfg = Release|Any CPU
		{5354CBE7-256C-418C-898C-C5D47AEACFD0}.Release|Any CPU.Build.0 = Release|Any CPU
		{C5851FD0-35C6-4513-A0D6-E6CDCEF09834}.Debug|Any CPU.ActiveCfg = Debug|Any CPU
		{C5851FD0-35C6-4513-A0D6-E6CDCEF09834}.Debug|Any CPU.Build.0 = Debug|Any CPU
		{C5851FD0-35C6-4513-A0D6-E6CDCEF09834}.Release|Any CPU.ActiveCfg = Release|Any CPU
		{C5851FD0-35C6-4513-A0D6-E6CDCEF09834}.Release|Any CPU.Build.0 = Release|Any CPU
		{A506CCA8-56E8-4D3F-9873-C9BBF6DDCB10}.Debug|Any CPU.ActiveCfg = Debug|Any CPU
		{A506CCA8-56E8-4D3F-9873-C9BBF6DDCB10}.Debug|Any CPU.Build.0 = Debug|Any CPU
		{A506CCA8-56E8-4D3F-9873-C9BBF6DDCB10}.Release|Any CPU.ActiveCfg = Release|Any CPU
		{A506CCA8-56E8-4D3F-9873-C9BBF6DDCB10}.Release|Any CPU.Build.0 = Release|Any CPU
	EndGlobalSection
	GlobalSection(SolutionProperties) = preSolution
		HideSolutionNode = FALSE
	EndGlobalSection
	GlobalSection(ExtensibilityGlobals) = postSolution
		SolutionGuid = {3CCEB896-43EB-4FEF-BA2B-D58605C88D18}
	EndGlobalSection
EndGlobal
